
Microsoft Visual Studio Solution File, Format Version 12.00
# Visual Studio 15
VisualStudioVersion = 15.0.26124.0
MinimumVisualStudioVersion = 15.0.26124.0
Project("{2150E333-8FDC-42A3-9474-1A3956D46DE8}") = "src", "src", "{D5EF87EB-EB41-48F8-A388-7B73E166F34E}"
EndProject
Project("{FAE04EC0-301F-11D3-BF4B-00C04F79EFBC}") = "GradeBook", "src\Gradebook\GradeBook.csproj", "{12192378-DDD7-4010-8FCE-46A4D08DD38B}"
EndProject
Project("{2150E333-8FDC-42A3-9474-1A3956D46DE8}") = "test", "test", "{6C46F917-E469-4296-AC79-4C2B5158FF21}"
EndProject
Project("{FAE04EC0-301F-11D3-BF4B-00C04F79EFBC}") = "gradebook.tests", "test\gradebook.tests\gradebook.tests.csproj", "{5A4FE33B-690A-446C-9707-3D5F9599CD20}"
EndProject
Global
	GlobalSection(SolutionConfigurationPlatforms) = preSolution
		Debug|Any CPU = Debug|Any CPU
		Debug|x64 = Debug|x64
		Debug|x86 = Debug|x86
		Release|Any CPU = Release|Any CPU
		Release|x64 = Release|x64
		Release|x86 = Release|x86
	EndGlobalSection
	GlobalSection(SolutionProperties) = preSolution
		HideSolutionNode = FALSE
	EndGlobalSection
	GlobalSection(ProjectConfigurationPlatforms) = postSolution
		{12192378-DDD7-4010-8FCE-46A4D08DD38B}.Debug|Any CPU.ActiveCfg = Debug|Any CPU
		{12192378-DDD7-4010-8FCE-46A4D08DD38B}.Debug|Any CPU.Build.0 = Debug|Any CPU
		{12192378-DDD7-4010-8FCE-46A4D08DD38B}.Debug|x64.ActiveCfg = Debug|Any CPU
		{12192378-DDD7-4010-8FCE-46A4D08DD38B}.Debug|x64.Build.0 = Debug|Any CPU
		{12192378-DDD7-4010-8FCE-46A4D08DD38B}.Debug|x86.ActiveCfg = Debug|Any CPU
		{12192378-DDD7-4010-8FCE-46A4D08DD38B}.Debug|x86.Build.0 = Debug|Any CPU
		{12192378-DDD7-4010-8FCE-46A4D08DD38B}.Release|Any CPU.ActiveCfg = Release|Any CPU
		{12192378-DDD7-4010-8FCE-46A4D08DD38B}.Release|Any CPU.Build.0 = Release|Any CPU
		{12192378-DDD7-4010-8FCE-46A4D08DD38B}.Release|x64.ActiveCfg = Release|Any CPU
		{12192378-DDD7-4010-8FCE-46A4D08DD38B}.Release|x64.Build.0 = Release|Any CPU
		{12192378-DDD7-4010-8FCE-46A4D08DD38B}.Release|x86.ActiveCfg = Release|Any CPU
		{12192378-DDD7-4010-8FCE-46A4D08DD38B}.Release|x86.Build.0 = Release|Any CPU
		{5A4FE33B-690A-446C-9707-3D5F9599CD20}.Debug|Any CPU.ActiveCfg = Debug|Any CPU
		{5A4FE33B-690A-446C-9707-3D5F9599CD20}.Debug|Any CPU.Build.0 = Debug|Any CPU
		{5A4FE33B-690A-446C-9707-3D5F9599CD20}.Debug|x64.ActiveCfg = Debug|Any CPU
		{5A4FE33B-690A-446C-9707-3D5F9599CD20}.Debug|x64.Build.0 = Debug|Any CPU
		{5A4FE33B-690A-446C-9707-3D5F9599CD20}.Debug|x86.ActiveCfg = Debug|Any CPU
		{5A4FE33B-690A-446C-9707-3D5F9599CD20}.Debug|x86.Build.0 = Debug|Any CPU
		{5A4FE33B-690A-446C-9707-3D5F9599CD20}.Release|Any CPU.ActiveCfg = Release|Any CPU
		{5A4FE33B-690A-446C-9707-3D5F9599CD20}.Release|Any CPU.Build.0 = Release|Any CPU
		{5A4FE33B-690A-446C-9707-3D5F9599CD20}.Release|x64.ActiveCfg = Release|Any CPU
		{5A4FE33B-690A-446C-9707-3D5F9599CD20}.Release|x64.Build.0 = Release|Any CPU
		{5A4FE33B-690A-446C-9707-3D5F9599CD20}.Release|x86.ActiveCfg = Release|Any CPU
		{5A4FE33B-690A-446C-9707-3D5F9599CD20}.Release|x86.Build.0 = Release|Any CPU
	EndGlobalSection
	GlobalSection(NestedProjects) = preSolution
		{12192378-DDD7-4010-8FCE-46A4D08DD38B} = {D5EF87EB-EB41-48F8-A388-7B73E166F34E}
		{5A4FE33B-690A-446C-9707-3D5F9599CD20} = {6C46F917-E469-4296-AC79-4C2B5158FF21}
	EndGlobalSection
EndGlobal
